
Microsoft Visual Studio Solution File, Format Version 9.00
# Visual Studio 2005
Project("{8BC9CEB8-8B4A-11D0-8D11-00A0C91BC942}") = "CristalQTARM", "CristalQTARM\CristalQTARM.vcproj", "{9CDC522D-81B0-4C01-9C10-6A9A3A2F969A}"
EndProject
Global
	GlobalSection(SolutionConfigurationPlatforms) = preSolution
		Debug|HMI Atom N270 SDK (x86) = Debug|HMI Atom N270 SDK (x86)
		Debug|ICNSDKWinCE6 (MIPSII) = Debug|ICNSDKWinCE6 (MIPSII)
		Debug|magellan (ARMV4I) = Debug|magellan (ARMV4I)
		Debug|Mixed Platforms = Debug|Mixed Platforms
		Debug|Pocket PC 2003 (ARMV4) = Debug|Pocket PC 2003 (ARMV4)
		Debug|STANDARDSDK_500 (ARMV4I) = Debug|STANDARDSDK_500 (ARMV4I)
		Debug|STANDARDSDK_500 (x86) = Debug|STANDARDSDK_500 (x86)
		Debug|Win32 = Debug|Win32
		Release|HMI Atom N270 SDK (x86) = Release|HMI Atom N270 SDK (x86)
		Release|ICNSDKWinCE6 (MIPSII) = Release|ICNSDKWinCE6 (MIPSII)
		Release|magellan (ARMV4I) = Release|magellan (ARMV4I)
		Release|Mixed Platforms = Release|Mixed Platforms
		Release|Pocket PC 2003 (ARMV4) = Release|Pocket PC 2003 (ARMV4)
		Release|STANDARDSDK_500 (ARMV4I) = Release|STANDARDSDK_500 (ARMV4I)
		Release|STANDARDSDK_500 (x86) = Release|STANDARDSDK_500 (x86)
		Release|Win32 = Release|Win32
	EndGlobalSection
	GlobalSection(ProjectConfigurationPlatforms) = postSolution
		{9CDC522D-81B0-4C01-9C10-6A9A3A2F969A}.Debug|HMI Atom N270 SDK (x86).ActiveCfg = Debug|HMI Atom N270 SDK (x86)
		{9CDC522D-81B0-4C01-9C10-6A9A3A2F969A}.Debug|HMI Atom N270 SDK (x86).Deploy.0 = Debug|HMI Atom N270 SDK (x86)
		{9CDC522D-81B0-4C01-9C10-6A9A3A2F969A}.Debug|ICNSDKWinCE6 (MIPSII).ActiveCfg = Debug|STANDARDSDK_500 (ARMV4I)
		{9CDC522D-81B0-4C01-9C10-6A9A3A2F969A}.Debug|magellan (ARMV4I).ActiveCfg = Debug|magellan (ARMV4I)
		{9CDC522D-81B0-4C01-9C10-6A9A3A2F969A}.Debug|magellan (ARMV4I).Build.0 = Debug|magellan (ARMV4I)
		{9CDC522D-81B0-4C01-9C10-6A9A3A2F969A}.Debug|magellan (ARMV4I).Deploy.0 = Debug|magellan (ARMV4I)
		{9CDC522D-81B0-4C01-9C10-6A9A3A2F969A}.Debug|Mixed Platforms.ActiveCfg = Debug|STANDARDSDK_500 (ARMV4I)
		{9CDC522D-81B0-4C01-9C10-6A9A3A2F969A}.Debug|Mixed Platforms.Build.0 = Debug|STANDARDSDK_500 (ARMV4I)
		{9CDC522D-81B0-4C01-9C10-6A9A3A2F969A}.Debug|Mixed Platforms.Deploy.0 = Debug|STANDARDSDK_500 (ARMV4I)
		{9CDC522D-81B0-4C01-9C10-6A9A3A2F969A}.Debug|Pocket PC 2003 (ARMV4).ActiveCfg = Debug|STANDARDSDK_500 (ARMV4I)
		{9CDC522D-81B0-4C01-9C10-6A9A3A2F969A}.Debug|STANDARDSDK_500 (ARMV4I).ActiveCfg = Debug|STANDARDSDK_500 (ARMV4I)
		{9CDC522D-81B0-4C01-9C10-6A9A3A2F969A}.Debug|STANDARDSDK_500 (ARMV4I).Build.0 = Debug|STANDARDSDK_500 (ARMV4I)
		{9CDC522D-81B0-4C01-9C10-6A9A3A2F969A}.Debug|STANDARDSDK_500 (ARMV4I).Deploy.0 = Debug|STANDARDSDK_500 (ARMV4I)
		{9CDC522D-81B0-4C01-9C10-6A9A3A2F969A}.Debug|STANDARDSDK_500 (x86).ActiveCfg = Debug|STANDARDSDK_500 (ARMV4I)
		{9CDC522D-81B0-4C01-9C10-6A9A3A2F969A}.Debug|Win32.ActiveCfg = Debug|STANDARDSDK_500 (ARMV4I)
		{9CDC522D-81B0-4C01-9C10-6A9A3A2F969A}.Release|HMI Atom N270 SDK (x86).ActiveCfg = Release|HMI Atom N270 SDK (x86)
		{9CDC522D-81B0-4C01-9C10-6A9A3A2F969A}.Release|HMI Atom N270 SDK (x86).Build.0 = Release|HMI Atom N270 SDK (x86)
		{9CDC522D-81B0-4C01-9C10-6A9A3A2F969A}.Release|HMI Atom N270 SDK (x86).Deploy.0 = Release|HMI Atom N270 SDK (x86)
		{9CDC522D-81B0-4C01-9C10-6A9A3A2F969A}.Release|ICNSDKWinCE6 (MIPSII).ActiveCfg = Release|STANDARDSDK_500 (ARMV4I)
		{9CDC522D-81B0-4C01-9C10-6A9A3A2F969A}.Release|magellan (ARMV4I).ActiveCfg = Release|magellan (ARMV4I)
		{9CDC522D-81B0-4C01-9C10-6A9A3A2F969A}.Release|magellan (ARMV4I).Build.0 = Release|magellan (ARMV4I)
		{9CDC522D-81B0-4C01-9C10-6A9A3A2F969A}.Release|magellan (ARMV4I).Deploy.0 = Release|magellan (ARMV4I)
		{9CDC522D-81B0-4C01-9C10-6A9A3A2F969A}.Release|Mixed Platforms.ActiveCfg = Release|STANDARDSDK_500 (ARMV4I)
		{9CDC522D-81B0-4C01-9C10-6A9A3A2F969A}.Release|Mixed Platforms.Build.0 = Release|STANDARDSDK_500 (ARMV4I)
		{9CDC522D-81B0-4C01-9C10-6A9A3A2F969A}.Release|Mixed Platforms.Deploy.0 = Release|STANDARDSDK_500 (ARMV4I)
		{9CDC522D-81B0-4C01-9C10-6A9A3A2F969A}.Release|Pocket PC 2003 (ARMV4).ActiveCfg = Release|STANDARDSDK_500 (ARMV4I)
		{9CDC522D-81B0-4C01-9C10-6A9A3A2F969A}.Release|STANDARDSDK_500 (ARMV4I).ActiveCfg = Release|STANDARDSDK_500 (ARMV4I)
		{9CDC522D-81B0-4C01-9C10-6A9A3A2F969A}.Release|STANDARDSDK_500 (ARMV4I).Build.0 = Release|STANDARDSDK_500 (ARMV4I)
		{9CDC522D-81B0-4C01-9C10-6A9A3A2F969A}.Release|STANDARDSDK_500 (ARMV4I).Deploy.0 = Release|STANDARDSDK_500 (ARMV4I)
		{9CDC522D-81B0-4C01-9C10-6A9A3A2F969A}.Release|STANDARDSDK_500 (x86).ActiveCfg = Release|STANDARDSDK_500 (x86)
		{9CDC522D-81B0-4C01-9C10-6A9A3A2F969A}.Release|Win32.ActiveCfg = Release|STANDARDSDK_500 (ARMV4I)
	EndGlobalSection
	GlobalSection(SolutionProperties) = preSolution
		HideSolutionNode = FALSE
	EndGlobalSection
EndGlobal
